
Microsoft Visual Studio Solution File, Format Version 12.00
# Visual Studio Version 17
VisualStudioVersion = 17.0.31612.314
MinimumVisualStudioVersion = 10.0.40219.1
Project("{9A19103F-16F7-4668-BE54-9A1E7A4F7556}") = "Radar", "Radar\Radar.csproj", "{7F4A4275-21D4-4098-8257-2DB243B35EE4}"
EndProject
Project("{9A19103F-16F7-4668-BE54-9A1E7A4F7556}") = "Db.EventLog", "..\..\TimeTracking\N50\TimeTracking50\Db.EventLog\Db.EventLog.csproj", "{3A430308-7BA5-4AB6-8694-FA263FE3A4CC}"
EndProject
Project("{2150E333-8FDC-42A3-9474-1A3956D46DE8}") = "Org Net4.8", "Org Net4.8", "{9ACB9778-7CC4-4D92-B3EC-4B46D0B12B9E}"
EndProject
Project("{FAE04EC0-301F-11D3-BF4B-00C04F79EFBC}") = "Radar", "..\..\..\C\Lgc\Scraping\Radar\Radar.csproj", "{DEC79942-B2A1-42C7-A1D1-D6799493AF0E}"
EndProject
Project("{FAE04EC0-301F-11D3-BF4B-00C04F79EFBC}") = "RadarLib", "..\..\..\C\Lgc\WpfChart\RadarLib\RadarLib.csproj", "{D7AA0309-FF83-4AB0-8CF9-5CDA4F6EE65F}"
EndProject
Project("{FAE04EC0-301F-11D3-BF4B-00C04F79EFBC}") = "RadarPicCollect", "..\..\..\C\Lgc\Scraping\RadarPicCollect\RadarPicCollect.csproj", "{61A2DBC2-53FD-4AD7-93E2-697A42B2C485}"
EndProject
Project("{FAE04EC0-301F-11D3-BF4B-00C04F79EFBC}") = "RadarTpl", "..\..\..\C\Lgc\Scraping\RadarTpl\RadarTpl.csproj", "{0D5EF46C-5604-4F63-AEDE-AAC34BB5DA16}"
EndProject
Project("{FAE04EC0-301F-11D3-BF4B-00C04F79EFBC}") = "ScreenTimeUsrCtrlLib", "..\..\..\C\Lgc\ScrSvrs\ScreenTimeUsrCtrlLib\ScreenTimeUsrCtrlLib.csproj", "{9E5021AA-A768-447B-A731-3C81375BD5A9}"
EndProject
Project("{FAE04EC0-301F-11D3-BF4B-00C04F79EFBC}") = "WebScrap", "..\..\..\C\Lgc\Scraping\WebScrap\WebScrap.csproj", "{80C1EDC5-ECC1-4178-8A83-DFB40D766AB4}"
EndProject
Project("{9A19103F-16F7-4668-BE54-9A1E7A4F7556}") = "WebScrap", "..\..\ScSv\Src\AlexPi.Scr\WebScrap\WebScrap.csproj", "{AB4E4F2F-8C20-424A-8966-7DD4AE0613B7}"
EndProject
Project("{9A19103F-16F7-4668-BE54-9A1E7A4F7556}") = "UpTimeMonitor", "UpTimeMonitor\UpTimeMonitor.csproj", "{DD1AFCA5-4D7B-4F5C-8C3E-90A9663BC092}"
EndProject
Project("{9A19103F-16F7-4668-BE54-9A1E7A4F7556}") = "EventLogLib", "EventLogLib\EventLogLib.csproj", "{23946C40-7FDD-48C0-A1B2-DD3391048C8C}"
EndProject
Project("{9A19103F-16F7-4668-BE54-9A1E7A4F7556}") = "Radar22", "Radar22\Radar22.csproj", "{AA9F5057-6094-4F4C-80EF-5A036CD19A68}"
EndProject
Project("{9A19103F-16F7-4668-BE54-9A1E7A4F7556}") = "Radar22.Lib", "Radar22.Lib\Radar22.Lib.csproj", "{B712593B-45B5-4B39-B87D-C470733749C3}"
EndProject
Project("{9A19103F-16F7-4668-BE54-9A1E7A4F7556}") = "AmbienceLib", "..\..\AAV.Shared\Src\NetLts\Ambience\AmbienceLib.csproj", "{7E3592C5-59CF-4F12-925D-C7898BA75194}"
EndProject
Project("{9A19103F-16F7-4668-BE54-9A1E7A4F7556}") = "PixelMeasure", "PixelMeasure\PixelMeasure.csproj", "{39C73810-0128-4DE4-8A80-62A6EC828F89}"
EndProject
Project("{9A19103F-16F7-4668-BE54-9A1E7A4F7556}") = "StandardLib", "..\..\AAV.Shared\Src\NetLts\StandardLib\StandardLib.csproj", "{409768CB-DF01-447A-A8C8-91B8151DD797}"
EndProject
Project("{9A19103F-16F7-4668-BE54-9A1E7A4F7556}") = "WpfUserControlLib", "..\..\AAV.Shared\Src\NetLts\WpfUserControlLib\WpfUserControlLib.csproj", "{EC20A9B1-7C76-4899-A8AA-2AF7D7087657}"
EndProject
Project("{9A19103F-16F7-4668-BE54-9A1E7A4F7556}") = "OpenWeaSvc", "OpenWeather2022\OpenWeaSvc.csproj", "{62582749-CE75-4352-8E44-1E8C5DA431D4}"
EndProject
Global
	GlobalSection(SolutionConfigurationPlatforms) = preSolution
		Debug|Any CPU = Debug|Any CPU
		Debug|x64 = Debug|x64
		Debug|x86 = Debug|x86
		Release|Any CPU = Release|Any CPU
		Release|x64 = Release|x64
		Release|x86 = Release|x86
	EndGlobalSection
	GlobalSection(ProjectConfigurationPlatforms) = postSolution
		{7F4A4275-21D4-4098-8257-2DB243B35EE4}.Debug|Any CPU.ActiveCfg = Debug|Any CPU
		{7F4A4275-21D4-4098-8257-2DB243B35EE4}.Debug|Any CPU.Build.0 = Debug|Any CPU
		{7F4A4275-21D4-4098-8257-2DB243B35EE4}.Debug|x64.ActiveCfg = Debug|Any CPU
		{7F4A4275-21D4-4098-8257-2DB243B35EE4}.Debug|x64.Build.0 = Debug|Any CPU
		{7F4A4275-21D4-4098-8257-2DB243B35EE4}.Debug|x86.ActiveCfg = Debug|Any CPU
		{7F4A4275-21D4-4098-8257-2DB243B35EE4}.Debug|x86.Build.0 = Debug|Any CPU
		{7F4A4275-21D4-4098-8257-2DB243B35EE4}.Release|Any CPU.ActiveCfg = Release|Any CPU
		{7F4A4275-21D4-4098-8257-2DB243B35EE4}.Release|Any CPU.Build.0 = Release|Any CPU
		{7F4A4275-21D4-4098-8257-2DB243B35EE4}.Release|x64.ActiveCfg = Release|Any CPU
		{7F4A4275-21D4-4098-8257-2DB243B35EE4}.Release|x64.Build.0 = Release|Any CPU
		{7F4A4275-21D4-4098-8257-2DB243B35EE4}.Release|x86.ActiveCfg = Release|Any CPU
		{7F4A4275-21D4-4098-8257-2DB243B35EE4}.Release|x86.Build.0 = Release|Any CPU
		{3A430308-7BA5-4AB6-8694-FA263FE3A4CC}.Debug|Any CPU.ActiveCfg = Debug|Any CPU
		{3A430308-7BA5-4AB6-8694-FA263FE3A4CC}.Debug|Any CPU.Build.0 = Debug|Any CPU
		{3A430308-7BA5-4AB6-8694-FA263FE3A4CC}.Debug|x64.ActiveCfg = Debug|Any CPU
		{3A430308-7BA5-4AB6-8694-FA263FE3A4CC}.Debug|x64.Build.0 = Debug|Any CPU
		{3A430308-7BA5-4AB6-8694-FA263FE3A4CC}.Debug|x86.ActiveCfg = Debug|Any CPU
		{3A430308-7BA5-4AB6-8694-FA263FE3A4CC}.Debug|x86.Build.0 = Debug|Any CPU
		{3A430308-7BA5-4AB6-8694-FA263FE3A4CC}.Release|Any CPU.ActiveCfg = Release|Any CPU
		{3A430308-7BA5-4AB6-8694-FA263FE3A4CC}.Release|Any CPU.Build.0 = Release|Any CPU
		{3A430308-7BA5-4AB6-8694-FA263FE3A4CC}.Release|x64.ActiveCfg = Release|Any CPU
		{3A430308-7BA5-4AB6-8694-FA263FE3A4CC}.Release|x64.Build.0 = Release|Any CPU
		{3A430308-7BA5-4AB6-8694-FA263FE3A4CC}.Release|x86.ActiveCfg = Release|Any CPU
		{3A430308-7BA5-4AB6-8694-FA263FE3A4CC}.Release|x86.Build.0 = Release|Any CPU
		{DEC79942-B2A1-42C7-A1D1-D6799493AF0E}.Debug|Any CPU.ActiveCfg = Debug|Any CPU
		{DEC79942-B2A1-42C7-A1D1-D6799493AF0E}.Debug|Any CPU.Build.0 = Debug|Any CPU
		{DEC79942-B2A1-42C7-A1D1-D6799493AF0E}.Debug|x64.ActiveCfg = Debug|Any CPU
		{DEC79942-B2A1-42C7-A1D1-D6799493AF0E}.Debug|x64.Build.0 = Debug|Any CPU
		{DEC79942-B2A1-42C7-A1D1-D6799493AF0E}.Debug|x86.ActiveCfg = Debug|x86
		{DEC79942-B2A1-42C7-A1D1-D6799493AF0E}.Debug|x86.Build.0 = Debug|x86
		{DEC79942-B2A1-42C7-A1D1-D6799493AF0E}.Release|Any CPU.ActiveCfg = Release|Any CPU
		{DEC79942-B2A1-42C7-A1D1-D6799493AF0E}.Release|Any CPU.Build.0 = Release|Any CPU
		{DEC79942-B2A1-42C7-A1D1-D6799493AF0E}.Release|x64.ActiveCfg = Release|Any CPU
		{DEC79942-B2A1-42C7-A1D1-D6799493AF0E}.Release|x64.Build.0 = Release|Any CPU
		{DEC79942-B2A1-42C7-A1D1-D6799493AF0E}.Release|x86.ActiveCfg = Release|x86
		{DEC79942-B2A1-42C7-A1D1-D6799493AF0E}.Release|x86.Build.0 = Release|x86
		{D7AA0309-FF83-4AB0-8CF9-5CDA4F6EE65F}.Debug|Any CPU.ActiveCfg = Debug|Any CPU
		{D7AA0309-FF83-4AB0-8CF9-5CDA4F6EE65F}.Debug|Any CPU.Build.0 = Debug|Any CPU
		{D7AA0309-FF83-4AB0-8CF9-5CDA4F6EE65F}.Debug|x64.ActiveCfg = Debug|Any CPU
		{D7AA0309-FF83-4AB0-8CF9-5CDA4F6EE65F}.Debug|x64.Build.0 = Debug|Any CPU
		{D7AA0309-FF83-4AB0-8CF9-5CDA4F6EE65F}.Debug|x86.ActiveCfg = Debug|x86
		{D7AA0309-FF83-4AB0-8CF9-5CDA4F6EE65F}.Debug|x86.Build.0 = Debug|x86
		{D7AA0309-FF83-4AB0-8CF9-5CDA4F6EE65F}.Release|Any CPU.ActiveCfg = Release|Any CPU
		{D7AA0309-FF83-4AB0-8CF9-5CDA4F6EE65F}.Release|Any CPU.Build.0 = Release|Any CPU
		{D7AA0309-FF83-4AB0-8CF9-5CDA4F6EE65F}.Release|x64.ActiveCfg = Release|Any CPU
		{D7AA0309-FF83-4AB0-8CF9-5CDA4F6EE65F}.Release|x64.Build.0 = Release|Any CPU
		{D7AA0309-FF83-4AB0-8CF9-5CDA4F6EE65F}.Release|x86.ActiveCfg = Release|x86
		{D7AA0309-FF83-4AB0-8CF9-5CDA4F6EE65F}.Release|x86.Build.0 = Release|x86
		{61A2DBC2-53FD-4AD7-93E2-697A42B2C485}.Debug|Any CPU.ActiveCfg = Debug|Any CPU
		{61A2DBC2-53FD-4AD7-93E2-697A42B2C485}.Debug|Any CPU.Build.0 = Debug|Any CPU
		{61A2DBC2-53FD-4AD7-93E2-697A42B2C485}.Debug|x64.ActiveCfg = Debug|Any CPU
		{61A2DBC2-53FD-4AD7-93E2-697A42B2C485}.Debug|x64.Build.0 = Debug|Any CPU
		{61A2DBC2-53FD-4AD7-93E2-697A42B2C485}.Debug|x86.ActiveCfg = Debug|x86
		{61A2DBC2-53FD-4AD7-93E2-697A42B2C485}.Debug|x86.Build.0 = Debug|x86
		{61A2DBC2-53FD-4AD7-93E2-697A42B2C485}.Release|Any CPU.ActiveCfg = Release|Any CPU
		{61A2DBC2-53FD-4AD7-93E2-697A42B2C485}.Release|Any CPU.Build.0 = Release|Any CPU
		{61A2DBC2-53FD-4AD7-93E2-697A42B2C485}.Release|x64.ActiveCfg = Release|Any CPU
		{61A2DBC2-53FD-4AD7-93E2-697A42B2C485}.Release|x64.Build.0 = Release|Any CPU
		{61A2DBC2-53FD-4AD7-93E2-697A42B2C485}.Release|x86.ActiveCfg = Release|x86
		{61A2DBC2-53FD-4AD7-93E2-697A42B2C485}.Release|x86.Build.0 = Release|x86
		{0D5EF46C-5604-4F63-AEDE-AAC34BB5DA16}.Debug|Any CPU.ActiveCfg = Debug|Any CPU
		{0D5EF46C-5604-4F63-AEDE-AAC34BB5DA16}.Debug|Any CPU.Build.0 = Debug|Any CPU
		{0D5EF46C-5604-4F63-AEDE-AAC34BB5DA16}.Debug|x64.ActiveCfg = Debug|Any CPU
		{0D5EF46C-5604-4F63-AEDE-AAC34BB5DA16}.Debug|x64.Build.0 = Debug|Any CPU
		{0D5EF46C-5604-4F63-AEDE-AAC34BB5DA16}.Debug|x86.ActiveCfg = Debug|x86
		{0D5EF46C-5604-4F63-AEDE-AAC34BB5DA16}.Debug|x86.Build.0 = Debug|x86
		{0D5EF46C-5604-4F63-AEDE-AAC34BB5DA16}.Release|Any CPU.ActiveCfg = Release|Any CPU
		{0D5EF46C-5604-4F63-AEDE-AAC34BB5DA16}.Release|Any CPU.Build.0 = Release|Any CPU
		{0D5EF46C-5604-4F63-AEDE-AAC34BB5DA16}.Release|x64.ActiveCfg = Release|Any CPU
		{0D5EF46C-5604-4F63-AEDE-AAC34BB5DA16}.Release|x64.Build.0 = Release|Any CPU
		{0D5EF46C-5604-4F63-AEDE-AAC34BB5DA16}.Release|x86.ActiveCfg = Release|x86
		{0D5EF46C-5604-4F63-AEDE-AAC34BB5DA16}.Release|x86.Build.0 = Release|x86
		{9E5021AA-A768-447B-A731-3C81375BD5A9}.Debug|Any CPU.ActiveCfg = Debug|Any CPU
		{9E5021AA-A768-447B-A731-3C81375BD5A9}.Debug|Any CPU.Build.0 = Debug|Any CPU
		{9E5021AA-A768-447B-A731-3C81375BD5A9}.Debug|x64.ActiveCfg = Debug|Any CPU
		{9E5021AA-A768-447B-A731-3C81375BD5A9}.Debug|x64.Build.0 = Debug|Any CPU
		{9E5021AA-A768-447B-A731-3C81375BD5A9}.Debug|x86.ActiveCfg = Debug|x86
		{9E5021AA-A768-447B-A731-3C81375BD5A9}.Debug|x86.Build.0 = Debug|x86
		{9E5021AA-A768-447B-A731-3C81375BD5A9}.Release|Any CPU.ActiveCfg = Release|Any CPU
		{9E5021AA-A768-447B-A731-3C81375BD5A9}.Release|Any CPU.Build.0 = Release|Any CPU
		{9E5021AA-A768-447B-A731-3C81375BD5A9}.Release|x64.ActiveCfg = Release|Any CPU
		{9E5021AA-A768-447B-A731-3C81375BD5A9}.Release|x64.Build.0 = Release|Any CPU
		{9E5021AA-A768-447B-A731-3C81375BD5A9}.Release|x86.ActiveCfg = Release|x86
		{9E5021AA-A768-447B-A731-3C81375BD5A9}.Release|x86.Build.0 = Release|x86
		{80C1EDC5-ECC1-4178-8A83-DFB40D766AB4}.Debug|Any CPU.ActiveCfg = Debug|Any CPU
		{80C1EDC5-ECC1-4178-8A83-DFB40D766AB4}.Debug|Any CPU.Build.0 = Debug|Any CPU
		{80C1EDC5-ECC1-4178-8A83-DFB40D766AB4}.Debug|x64.ActiveCfg = Debug|Any CPU
		{80C1EDC5-ECC1-4178-8A83-DFB40D766AB4}.Debug|x64.Build.0 = Debug|Any CPU
		{80C1EDC5-ECC1-4178-8A83-DFB40D766AB4}.Debug|x86.ActiveCfg = Debug|x86
		{80C1EDC5-ECC1-4178-8A83-DFB40D766AB4}.Debug|x86.Build.0 = Debug|x86
		{80C1EDC5-ECC1-4178-8A83-DFB40D766AB4}.Release|Any CPU.ActiveCfg = Release|Any CPU
		{80C1EDC5-ECC1-4178-8A83-DFB40D766AB4}.Release|Any CPU.Build.0 = Release|Any CPU
		{80C1EDC5-ECC1-4178-8A83-DFB40D766AB4}.Release|x64.ActiveCfg = Release|Any CPU
		{80C1EDC5-ECC1-4178-8A83-DFB40D766AB4}.Release|x64.Build.0 = Release|Any CPU
		{80C1EDC5-ECC1-4178-8A83-DFB40D766AB4}.Release|x86.ActiveCfg = Release|x86
		{80C1EDC5-ECC1-4178-8A83-DFB40D766AB4}.Release|x86.Build.0 = Release|x86
		{AB4E4F2F-8C20-424A-8966-7DD4AE0613B7}.Debug|Any CPU.ActiveCfg = Debug|Any CPU
		{AB4E4F2F-8C20-424A-8966-7DD4AE0613B7}.Debug|Any CPU.Build.0 = Debug|Any CPU
		{AB4E4F2F-8C20-424A-8966-7DD4AE0613B7}.Debug|x64.ActiveCfg = Debug|Any CPU
		{AB4E4F2F-8C20-424A-8966-7DD4AE0613B7}.Debug|x64.Build.0 = Debug|Any CPU
		{AB4E4F2F-8C20-424A-8966-7DD4AE0613B7}.Debug|x86.ActiveCfg = Debug|Any CPU
		{AB4E4F2F-8C20-424A-8966-7DD4AE0613B7}.Debug|x86.Build.0 = Debug|Any CPU
		{AB4E4F2F-8C20-424A-8966-7DD4AE0613B7}.Release|Any CPU.ActiveCfg = Release|Any CPU
		{AB4E4F2F-8C20-424A-8966-7DD4AE0613B7}.Release|Any CPU.Build.0 = Release|Any CPU
		{AB4E4F2F-8C20-424A-8966-7DD4AE0613B7}.Release|x64.ActiveCfg = Release|Any CPU
		{AB4E4F2F-8C20-424A-8966-7DD4AE0613B7}.Release|x64.Build.0 = Release|Any CPU
		{AB4E4F2F-8C20-424A-8966-7DD4AE0613B7}.Release|x86.ActiveCfg = Release|Any CPU
		{AB4E4F2F-8C20-424A-8966-7DD4AE0613B7}.Release|x86.Build.0 = Release|Any CPU
		{DD1AFCA5-4D7B-4F5C-8C3E-90A9663BC092}.Debug|Any CPU.ActiveCfg = Debug|Any CPU
		{DD1AFCA5-4D7B-4F5C-8C3E-90A9663BC092}.Debug|Any CPU.Build.0 = Debug|Any CPU
		{DD1AFCA5-4D7B-4F5C-8C3E-90A9663BC092}.Debug|x64.ActiveCfg = Debug|Any CPU
		{DD1AFCA5-4D7B-4F5C-8C3E-90A9663BC092}.Debug|x64.Build.0 = Debug|Any CPU
		{DD1AFCA5-4D7B-4F5C-8C3E-90A9663BC092}.Debug|x86.ActiveCfg = Debug|Any CPU
		{DD1AFCA5-4D7B-4F5C-8C3E-90A9663BC092}.Debug|x86.Build.0 = Debug|Any CPU
		{DD1AFCA5-4D7B-4F5C-8C3E-90A9663BC092}.Release|Any CPU.ActiveCfg = Release|Any CPU
		{DD1AFCA5-4D7B-4F5C-8C3E-90A9663BC092}.Release|Any CPU.Build.0 = Release|Any CPU
		{DD1AFCA5-4D7B-4F5C-8C3E-90A9663BC092}.Release|x64.ActiveCfg = Release|Any CPU
		{DD1AFCA5-4D7B-4F5C-8C3E-90A9663BC092}.Release|x64.Build.0 = Release|Any CPU
		{DD1AFCA5-4D7B-4F5C-8C3E-90A9663BC092}.Release|x86.ActiveCfg = Release|Any CPU
		{DD1AFCA5-4D7B-4F5C-8C3E-90A9663BC092}.Release|x86.Build.0 = Release|Any CPU
		{23946C40-7FDD-48C0-A1B2-DD3391048C8C}.Debug|Any CPU.ActiveCfg = Debug|Any CPU
		{23946C40-7FDD-48C0-A1B2-DD3391048C8C}.Debug|Any CPU.Build.0 = Debug|Any CPU
		{23946C40-7FDD-48C0-A1B2-DD3391048C8C}.Debug|x64.ActiveCfg = Debug|Any CPU
		{23946C40-7FDD-48C0-A1B2-DD3391048C8C}.Debug|x64.Build.0 = Debug|Any CPU
		{23946C40-7FDD-48C0-A1B2-DD3391048C8C}.Debug|x86.ActiveCfg = Debug|Any CPU
		{23946C40-7FDD-48C0-A1B2-DD3391048C8C}.Debug|x86.Build.0 = Debug|Any CPU
		{23946C40-7FDD-48C0-A1B2-DD3391048C8C}.Release|Any CPU.ActiveCfg = Release|Any CPU
		{23946C40-7FDD-48C0-A1B2-DD3391048C8C}.Release|Any CPU.Build.0 = Release|Any CPU
		{23946C40-7FDD-48C0-A1B2-DD3391048C8C}.Release|x64.ActiveCfg = Release|Any CPU
		{23946C40-7FDD-48C0-A1B2-DD3391048C8C}.Release|x64.Build.0 = Release|Any CPU
		{23946C40-7FDD-48C0-A1B2-DD3391048C8C}.Release|x86.ActiveCfg = Release|Any CPU
		{23946C40-7FDD-48C0-A1B2-DD3391048C8C}.Release|x86.Build.0 = Release|Any CPU
		{AA9F5057-6094-4F4C-80EF-5A036CD19A68}.Debug|Any CPU.ActiveCfg = Debug|Any CPU
		{AA9F5057-6094-4F4C-80EF-5A036CD19A68}.Debug|Any CPU.Build.0 = Debug|Any CPU
		{AA9F5057-6094-4F4C-80EF-5A036CD19A68}.Debug|x64.ActiveCfg = Debug|Any CPU
		{AA9F5057-6094-4F4C-80EF-5A036CD19A68}.Debug|x64.Build.0 = Debug|Any CPU
		{AA9F5057-6094-4F4C-80EF-5A036CD19A68}.Debug|x86.ActiveCfg = Debug|Any CPU
		{AA9F5057-6094-4F4C-80EF-5A036CD19A68}.Debug|x86.Build.0 = Debug|Any CPU
		{AA9F5057-6094-4F4C-80EF-5A036CD19A68}.Release|Any CPU.ActiveCfg = Release|Any CPU
		{AA9F5057-6094-4F4C-80EF-5A036CD19A68}.Release|Any CPU.Build.0 = Release|Any CPU
		{AA9F5057-6094-4F4C-80EF-5A036CD19A68}.Release|x64.ActiveCfg = Release|Any CPU
		{AA9F5057-6094-4F4C-80EF-5A036CD19A68}.Release|x64.Build.0 = Release|Any CPU
		{AA9F5057-6094-4F4C-80EF-5A036CD19A68}.Release|x86.ActiveCfg = Release|Any CPU
		{AA9F5057-6094-4F4C-80EF-5A036CD19A68}.Release|x86.Build.0 = Release|Any CPU
		{B712593B-45B5-4B39-B87D-C470733749C3}.Debug|Any CPU.ActiveCfg = Debug|Any CPU
		{B712593B-45B5-4B39-B87D-C470733749C3}.Debug|Any CPU.Build.0 = Debug|Any CPU
		{B712593B-45B5-4B39-B87D-C470733749C3}.Debug|x64.ActiveCfg = Debug|Any CPU
		{B712593B-45B5-4B39-B87D-C470733749C3}.Debug|x64.Build.0 = Debug|Any CPU
		{B712593B-45B5-4B39-B87D-C470733749C3}.Debug|x86.ActiveCfg = Debug|Any CPU
		{B712593B-45B5-4B39-B87D-C470733749C3}.Debug|x86.Build.0 = Debug|Any CPU
		{B712593B-45B5-4B39-B87D-C470733749C3}.Release|Any CPU.ActiveCfg = Release|Any CPU
		{B712593B-45B5-4B39-B87D-C470733749C3}.Release|Any CPU.Build.0 = Release|Any CPU
		{B712593B-45B5-4B39-B87D-C470733749C3}.Release|x64.ActiveCfg = Release|Any CPU
		{B712593B-45B5-4B39-B87D-C470733749C3}.Release|x64.Build.0 = Release|Any CPU
		{B712593B-45B5-4B39-B87D-C470733749C3}.Release|x86.ActiveCfg = Release|Any CPU
		{B712593B-45B5-4B39-B87D-C470733749C3}.Release|x86.Build.0 = Release|Any CPU
		{7E3592C5-59CF-4F12-925D-C7898BA75194}.Debug|Any CPU.ActiveCfg = Debug|Any CPU
		{7E3592C5-59CF-4F12-925D-C7898BA75194}.Debug|Any CPU.Build.0 = Debug|Any CPU
		{7E3592C5-59CF-4F12-925D-C7898BA75194}.Debug|x64.ActiveCfg = Debug|x64
		{7E3592C5-59CF-4F12-925D-C7898BA75194}.Debug|x64.Build.0 = Debug|x64
		{7E3592C5-59CF-4F12-925D-C7898BA75194}.Debug|x86.ActiveCfg = Debug|Any CPU
		{7E3592C5-59CF-4F12-925D-C7898BA75194}.Debug|x86.Build.0 = Debug|Any CPU
		{7E3592C5-59CF-4F12-925D-C7898BA75194}.Release|Any CPU.ActiveCfg = Release|Any CPU
		{7E3592C5-59CF-4F12-925D-C7898BA75194}.Release|Any CPU.Build.0 = Release|Any CPU
		{7E3592C5-59CF-4F12-925D-C7898BA75194}.Release|x64.ActiveCfg = Release|x64
		{7E3592C5-59CF-4F12-925D-C7898BA75194}.Release|x64.Build.0 = Release|x64
		{7E3592C5-59CF-4F12-925D-C7898BA75194}.Release|x86.ActiveCfg = Release|Any CPU
		{7E3592C5-59CF-4F12-925D-C7898BA75194}.Release|x86.Build.0 = Release|Any CPU
		{39C73810-0128-4DE4-8A80-62A6EC828F89}.Debug|Any CPU.ActiveCfg = Debug|Any CPU
		{39C73810-0128-4DE4-8A80-62A6EC828F89}.Debug|Any CPU.Build.0 = Debug|Any CPU
		{39C73810-0128-4DE4-8A80-62A6EC828F89}.Debug|x64.ActiveCfg = Debug|Any CPU
		{39C73810-0128-4DE4-8A80-62A6EC828F89}.Debug|x64.Build.0 = Debug|Any CPU
		{39C73810-0128-4DE4-8A80-62A6EC828F89}.Debug|x86.ActiveCfg = Debug|Any CPU
		{39C73810-0128-4DE4-8A80-62A6EC828F89}.Debug|x86.Build.0 = Debug|Any CPU
		{39C73810-0128-4DE4-8A80-62A6EC828F89}.Release|Any CPU.ActiveCfg = Release|Any CPU
		{39C73810-0128-4DE4-8A80-62A6EC828F89}.Release|Any CPU.Build.0 = Release|Any CPU
		{39C73810-0128-4DE4-8A80-62A6EC828F89}.Release|x64.ActiveCfg = Release|Any CPU
		{39C73810-0128-4DE4-8A80-62A6EC828F89}.Release|x64.Build.0 = Release|Any CPU
		{39C73810-0128-4DE4-8A80-62A6EC828F89}.Release|x86.ActiveCfg = Release|Any CPU
		{39C73810-0128-4DE4-8A80-62A6EC828F89}.Release|x86.Build.0 = Release|Any CPU
		{409768CB-DF01-447A-A8C8-91B8151DD797}.Debug|Any CPU.ActiveCfg = Debug|Any CPU
		{409768CB-DF01-447A-A8C8-91B8151DD797}.Debug|Any CPU.Build.0 = Debug|Any CPU
		{409768CB-DF01-447A-A8C8-91B8151DD797}.Debug|x64.ActiveCfg = Debug|x64
		{409768CB-DF01-447A-A8C8-91B8151DD797}.Debug|x64.Build.0 = Debug|x64
		{409768CB-DF01-447A-A8C8-91B8151DD797}.Debug|x86.ActiveCfg = Debug|Any CPU
		{409768CB-DF01-447A-A8C8-91B8151DD797}.Debug|x86.Build.0 = Debug|Any CPU
		{409768CB-DF01-447A-A8C8-91B8151DD797}.Release|Any CPU.ActiveCfg = Release|Any CPU
		{409768CB-DF01-447A-A8C8-91B8151DD797}.Release|Any CPU.Build.0 = Release|Any CPU
		{409768CB-DF01-447A-A8C8-91B8151DD797}.Release|x64.ActiveCfg = Release|x64
		{409768CB-DF01-447A-A8C8-91B8151DD797}.Release|x64.Build.0 = Release|x64
		{409768CB-DF01-447A-A8C8-91B8151DD797}.Release|x86.ActiveCfg = Release|Any CPU
		{409768CB-DF01-447A-A8C8-91B8151DD797}.Release|x86.Build.0 = Release|Any CPU
		{EC20A9B1-7C76-4899-A8AA-2AF7D7087657}.Debug|Any CPU.ActiveCfg = Debug|Any CPU
		{EC20A9B1-7C76-4899-A8AA-2AF7D7087657}.Debug|Any CPU.Build.0 = Debug|Any CPU
		{EC20A9B1-7C76-4899-A8AA-2AF7D7087657}.Debug|x64.ActiveCfg = Debug|x64
		{EC20A9B1-7C76-4899-A8AA-2AF7D7087657}.Debug|x64.Build.0 = Debug|x64
		{EC20A9B1-7C76-4899-A8AA-2AF7D7087657}.Debug|x86.ActiveCfg = Debug|Any CPU
		{EC20A9B1-7C76-4899-A8AA-2AF7D7087657}.Debug|x86.Build.0 = Debug|Any CPU
		{EC20A9B1-7C76-4899-A8AA-2AF7D7087657}.Release|Any CPU.ActiveCfg = Release|Any CPU
		{EC20A9B1-7C76-4899-A8AA-2AF7D7087657}.Release|Any CPU.Build.0 = Release|Any CPU
		{EC20A9B1-7C76-4899-A8AA-2AF7D7087657}.Release|x64.ActiveCfg = Release|x64
		{EC20A9B1-7C76-4899-A8AA-2AF7D7087657}.Release|x64.Build.0 = Release|x64
		{EC20A9B1-7C76-4899-A8AA-2AF7D7087657}.Release|x86.ActiveCfg = Release|Any CPU
		{EC20A9B1-7C76-4899-A8AA-2AF7D7087657}.Release|x86.Build.0 = Release|Any CPU
		{62582749-CE75-4352-8E44-1E8C5DA431D4}.Debug|Any CPU.ActiveCfg = Debug|Any CPU
		{62582749-CE75-4352-8E44-1E8C5DA431D4}.Debug|Any CPU.Build.0 = Debug|Any CPU
		{62582749-CE75-4352-8E44-1E8C5DA431D4}.Debug|x64.ActiveCfg = Debug|Any CPU
		{62582749-CE75-4352-8E44-1E8C5DA431D4}.Debug|x64.Build.0 = Debug|Any CPU
		{62582749-CE75-4352-8E44-1E8C5DA431D4}.Debug|x86.ActiveCfg = Debug|Any CPU
		{62582749-CE75-4352-8E44-1E8C5DA431D4}.Debug|x86.Build.0 = Debug|Any CPU
		{62582749-CE75-4352-8E44-1E8C5DA431D4}.Release|Any CPU.ActiveCfg = Release|Any CPU
		{62582749-CE75-4352-8E44-1E8C5DA431D4}.Release|Any CPU.Build.0 = Release|Any CPU
		{62582749-CE75-4352-8E44-1E8C5DA431D4}.Release|x64.ActiveCfg = Release|Any CPU
		{62582749-CE75-4352-8E44-1E8C5DA431D4}.Release|x64.Build.0 = Release|Any CPU
		{62582749-CE75-4352-8E44-1E8C5DA431D4}.Release|x86.ActiveCfg = Release|Any CPU
		{62582749-CE75-4352-8E44-1E8C5DA431D4}.Release|x86.Build.0 = Release|Any CPU
	EndGlobalSection
	GlobalSection(SolutionProperties) = preSolution
		HideSolutionNode = FALSE
	EndGlobalSection
	GlobalSection(NestedProjects) = preSolution
		{DEC79942-B2A1-42C7-A1D1-D6799493AF0E} = {9ACB9778-7CC4-4D92-B3EC-4B46D0B12B9E}
		{D7AA0309-FF83-4AB0-8CF9-5CDA4F6EE65F} = {9ACB9778-7CC4-4D92-B3EC-4B46D0B12B9E}
		{61A2DBC2-53FD-4AD7-93E2-697A42B2C485} = {9ACB9778-7CC4-4D92-B3EC-4B46D0B12B9E}
		{0D5EF46C-5604-4F63-AEDE-AAC34BB5DA16} = {9ACB9778-7CC4-4D92-B3EC-4B46D0B12B9E}
		{9E5021AA-A768-447B-A731-3C81375BD5A9} = {9ACB9778-7CC4-4D92-B3EC-4B46D0B12B9E}
		{80C1EDC5-ECC1-4178-8A83-DFB40D766AB4} = {9ACB9778-7CC4-4D92-B3EC-4B46D0B12B9E}
	EndGlobalSection
	GlobalSection(ExtensibilityGlobals) = postSolution
		SolutionGuid = {533D74C5-0865-42DA-8368-31BD28A387A2}
	EndGlobalSection
EndGlobal
